
Microsoft Visual Studio Solution File, Format Version 12.00
# Visual Studio Version 17
VisualStudioVersion = 17.6.33829.357
MinimumVisualStudioVersion = 10.0.40219.1
Project("{9A19103F-16F7-4668-BE54-9A1E7A4F7556}") = "WorkTools", "WorkTools\WorkTools.csproj", "{7909DE60-0014-41D0-B5B5-64EC5FBC91F3}"
EndProject
Project("{9A19103F-16F7-4668-BE54-9A1E7A4F7556}") = "WorkTools.Log", "WorkTools.Log\WorkTools.Log.csproj", "{26EAFF11-4E1E-408A-8413-13934AE2C239}"
EndProject
Global
	GlobalSection(SolutionConfigurationPlatforms) = preSolution
		Debug|Any CPU = Debug|Any CPU
		Release|Any CPU = Release|Any CPU
	EndGlobalSection
	GlobalSection(ProjectConfigurationPlatforms) = postSolution
		{7909DE60-0014-41D0-B5B5-64EC5FBC91F3}.Debug|Any CPU.ActiveCfg = Debug|Any CPU
		{7909DE60-0014-41D0-B5B5-64EC5FBC91F3}.Debug|Any CPU.Build.0 = Debug|Any CPU
		{7909DE60-0014-41D0-B5B5-64EC5FBC91F3}.Release|Any CPU.ActiveCfg = Release|Any CPU
		{7909DE60-0014-41D0-B5B5-64EC5FBC91F3}.Release|Any CPU.Build.0 = Release|Any CPU
		{26EAFF11-4E1E-408A-8413-13934AE2C239}.Debug|Any CPU.ActiveCfg = Debug|Any CPU
		{26EAFF11-4E1E-408A-8413-13934AE2C239}.Debug|Any CPU.Build.0 = Debug|Any CPU
		{26EAFF11-4E1E-408A-8413-13934AE2C239}.Release|Any CPU.ActiveCfg = Release|Any CPU
		{26EAFF11-4E1E-408A-8413-13934AE2C239}.Release|Any CPU.Build.0 = Release|Any CPU
	EndGlobalSection
	GlobalSection(SolutionProperties) = preSolution
		HideSolutionNode = FALSE
	EndGlobalSection
	GlobalSection(ExtensibilityGlobals) = postSolution
		SolutionGuid = {01D4358B-201C-4DDB-B2C8-4B17508E3B87}
	EndGlobalSection
EndGlobal
